convert:
  cmd: python -m spacy run convert
  script:
    - python scripts/convert.py en assets/docs_issues_training.jsonl corpus/train.spacy
    - python scripts/convert.py en assets/docs_issues_eval.jsonl corpus/dev.spacy
  deps:
    - path: assets/docs_issues_training.jsonl
      md5: 0483964180f039843a6959622ea9f1cc
    - path: assets/docs_issues_eval.jsonl
      md5: bf73b2bfef415815b2f1284848fc3308
    - path: scripts/convert.py
      md5: 35ee9ecddb27d1dbf74d9bc36fb44d0b
  outs:
    - path: corpus/train.spacy
      md5: eb4fca4deb9d8cc6f4dcc78207aa18e9
    - path: corpus/dev.spacy
      md5: 1d8338b14a7c59c98031061cb7183203
  spacy_version: 3.0.0
  spacy_git_version: a59f3fcf5
train:
  cmd: python -m spacy run train
  script:
    - python -m spacy train configs/config.cfg --output training/ --paths.train corpus/train.spacy
      --paths.dev corpus/dev.spacy --nlp.lang en --gpu-id -1
  deps:
    - path: configs/config.cfg
      md5: ff5906657d538c55bab729c6399bcbcf
    - path: corpus/train.spacy
      md5: eb4fca4deb9d8cc6f4dcc78207aa18e9
    - path: corpus/dev.spacy
      md5: 1d8338b14a7c59c98031061cb7183203
  outs:
    - path: training/model-best
      md5: bcf88f872dfbc49196b7b99daa549fbc
  spacy_version: 3.0.6
  spacy_git_version: df3444421
evaluate:
  cmd: python -m spacy run evaluate
  script:
    - python -m spacy evaluate training/model-best corpus/dev.spacy --output training/metrics.json
  deps:
    - path: corpus/dev.spacy
      md5: 1d8338b14a7c59c98031061cb7183203
    - path: training/model-best
      md5: bcf88f872dfbc49196b7b99daa549fbc
  outs:
    - path: training/metrics.json
      md5: 8a22ac04e6a52bf412b0128afdb566ff
  spacy_version: 3.0.6
  spacy_git_version: df3444421
